
Microsoft Visual Studio Solution File, Format Version 12.00
# Visual Studio Version 16
VisualStudioVersion = 16.0.30804.86
MinimumVisualStudioVersion = 10.0.40219.1
Project("{FAE04EC0-301F-11D3-BF4B-00C04F79EFBC}") = "Exercicio2", "Exercicio2\Exercicio2.csproj", "{D3BAD0B6-34F3-46F4-9113-93A164D6BCC4}"
EndProject
Global
	GlobalSection(SolutionConfigurationPlatforms) = preSolution
		Debug|Any CPU = Debug|Any CPU
		Release|Any CPU = Release|Any CPU
	EndGlobalSection
	GlobalSection(ProjectConfigurationPlatforms) = postSolution
		{D3BAD0B6-34F3-46F4-9113-93A164D6BCC4}.Debug|Any CPU.ActiveCfg = Debug|Any CPU
		{D3BAD0B6-34F3-46F4-9113-93A164D6BCC4}.Debug|Any CPU.Build.0 = Debug|Any CPU
		{D3BAD0B6-34F3-46F4-9113-93A164D6BCC4}.Release|Any CPU.ActiveCfg = Release|Any CPU
		{D3BAD0B6-34F3-46F4-9113-93A164D6BCC4}.Release|Any CPU.Build.0 = Release|Any CPU
	EndGlobalSection
	GlobalSection(SolutionProperties) = preSolution
		HideSolutionNode = FALSE
	EndGlobalSection
	GlobalSection(ExtensibilityGlobals) = postSolution
		SolutionGuid = {0EAF4A05-6281-49BC-957C-2DD134E22982}
	EndGlobalSection
EndGlobal
